
Microsoft Visual Studio Solution File, Format Version 12.00
# Visual Studio Version 17
VisualStudioVersion = 17.5.33502.453
MinimumVisualStudioVersion = 10.0.40219.1
Project("{FAE04EC0-301F-11D3-BF4B-00C04F79EFBC}") = "AuthSystem", "AuthSystem\AuthSystem.csproj", "{6472F5F9-8EC9-4A00-92D9-8104899DE62D}"
EndProject
Global
	GlobalSection(SolutionConfigurationPlatforms) = preSolution
		Debug|Any CPU = Debug|Any CPU
		Release|Any CPU = Release|Any CPU
	EndGlobalSection
	GlobalSection(ProjectConfigurationPlatforms) = postSolution
		{6472F5F9-8EC9-4A00-92D9-8104899DE62D}.Debug|Any CPU.ActiveCfg = Debug|Any CPU
		{6472F5F9-8EC9-4A00-92D9-8104899DE62D}.Debug|Any CPU.Build.0 = Debug|Any CPU
		{6472F5F9-8EC9-4A00-92D9-8104899DE62D}.Release|Any CPU.ActiveCfg = Release|Any CPU
		{6472F5F9-8EC9-4A00-92D9-8104899DE62D}.Release|Any CPU.Build.0 = Release|Any CPU
	EndGlobalSection
	GlobalSection(SolutionProperties) = preSolution
		HideSolutionNode = FALSE
	EndGlobalSection
	GlobalSection(ExtensibilityGlobals) = postSolution
		SolutionGuid = {EC829383-921B-4486-819A-22A74B32E4A8}
	EndGlobalSection
EndGlobal
